PODS:
  - AppCenter/Core (2.5.0)
  - AppCenter/Distribute (2.5.0):
    - AppCenter/Core

DEPENDENCIES:
  - AppCenter/Distribute

SPEC REPOS:
  trunk:
    - AppCenter

SPEC CHECKSUMS:
  AppCenter: 637f180deefc61e8ab3f94223869ee50f61dabea

PODFILE CHECKSUM: 0f4d4fe8cd3e1239ef82f8fbc5da5da6eef313ee

COCOAPODS: 1.8.4
