// !$*UTF8*$!
{
	archiveVersion = 1;
	classes = {
	};
	objectVersion = 51;
	objects = {

/* Begin PBXBuildFile section */
		3515E7982396453D0044C660 /* AppDelegate.swift in Sources */ = {isa = PBXBuildFile; fileRef = 3515E7972396453D0044C660 /* AppDelegate.swift */; };
		3515E79A2396453D0044C660 /* SceneDelegate.swift in Sources */ = {isa = PBXBuildFile; fileRef = 3515E7992396453D0044C660 /* SceneDelegate.swift */; };
		3515E79C2396453D0044C660 /* ViewController.swift in Sources */ = {isa = PBXBuildFile; fileRef = 3515E79B2396453D0044C660 /* ViewController.swift */; };
		3515E79F2396453D0044C660 /* Main.storyboard in Resources */ = {isa = PBXBuildFile; fileRef = 3515E79D2396453D0044C660 /* Main.storyboard */; };
		3515E7A12396453F0044C660 /* Assets.xcassets in Resources */ = {isa = PBXBuildFile; fileRef = 3515E7A02396453F0044C660 /* Assets.xcassets */; };
		3515E7A42396453F0044C660 /* LaunchScreen.storyboard in Resources */ = {isa = PBXBuildFile; fileRef = 3515E7A22396453F0044C660 /* LaunchScreen.storyboard */; };
		3515E7AD239665AC0044C660 /* CoreImage.framework in Frameworks */ = {isa = PBXBuildFile; fileRef = 3515E7AC239665AC0044C660 /* CoreImage.framework */; };
		3515E7B723967F340044C660 /* CameraScanner+Types.swift in Sources */ = {isa = PBXBuildFile; fileRef = 3515E7B023967F340044C660 /* CameraScanner+Types.swift */; };
		3515E7B823967F350044C660 /* CameraScanner.swift in Sources */ = {isa = PBXBuildFile; fileRef = 3515E7B123967F340044C660 /* CameraScanner.swift */; };
		3515E7B923967F350044C660 /* CameraScanner+Camera.swift in Sources */ = {isa = PBXBuildFile; fileRef = 3515E7B223967F340044C660 /* CameraScanner+Camera.swift */; };
		3515E7BA23967F350044C660 /* CameraScannerDelegate.swift in Sources */ = {isa = PBXBuildFile; fileRef = 3515E7B323967F340044C660 /* CameraScannerDelegate.swift */; };
		3515E7BB23967F350044C660 /* VideoPermission.swift in Sources */ = {isa = PBXBuildFile; fileRef = 3515E7B423967F340044C660 /* VideoPermission.swift */; };
		3515E7BC23967F350044C660 /* DeviceEnvironment.swift in Sources */ = {isa = PBXBuildFile; fileRef = 3515E7B523967F340044C660 /* DeviceEnvironment.swift */; };
		3515E7BD23967F350044C660 /* Error.swift in Sources */ = {isa = PBXBuildFile; fileRef = 3515E7B623967F340044C660 /* Error.swift */; };
		3515E7BF23967F5F0044C660 /* BarcodeViewController.swift in Sources */ = {isa = PBXBuildFile; fileRef = 3515E7BE23967F5F0044C660 /* BarcodeViewController.swift */; };
		3515E7C22396808F0044C660 /* ViewConstant.swift in Sources */ = {isa = PBXBuildFile; fileRef = 3515E7C12396808F0044C660 /* ViewConstant.swift */; };
		6511A68082B31B9925CF250F /* Pods_QRProcess.framework in Frameworks */ = {isa = PBXBuildFile; fileRef = 2A6CBDD385649701AE3802F6 /* Pods_QRProcess.framework */; };
/* End PBXBuildFile section */

/* Begin PBXFileReference section */
		2A6CBDD385649701AE3802F6 /* Pods_QRProcess.framework */ = {isa = PBXFileReference; explicitFileType = wrapper.framework; includeInIndex = 0; path = Pods_QRProcess.framework; sourceTree = BUILT_PRODUCTS_DIR; };
		3515E7942396453D0044C660 /* QRProcess.app */ = {isa = PBXFileReference; explicitFileType = wrapper.application; includeInIndex = 0; path = QRProcess.app; sourceTree = BUILT_PRODUCTS_DIR; };
		3515E7972396453D0044C660 /* AppDelegate.swift */ = {isa = PBXFileReference; lastKnownFileType = sourcecode.swift; path = AppDelegate.swift; sourceTree = "<group>"; };
		3515E7992396453D0044C660 /* SceneDelegate.swift */ = {isa = PBXFileReference; lastKnownFileType = sourcecode.swift; path = SceneDelegate.swift; sourceTree = "<group>"; };
		3515E79B2396453D0044C660 /* ViewController.swift */ = {isa = PBXFileReference; lastKnownFileType = sourcecode.swift; path = ViewController.swift; sourceTree = "<group>"; };
		3515E79E2396453D0044C660 /* Base */ = {isa = PBXFileReference; lastKnownFileType = file.storyboard; name = Base; path = Base.lproj/Main.storyboard; sourceTree = "<group>"; };
		3515E7A02396453F0044C660 /* Assets.xcassets */ = {isa = PBXFileReference; lastKnownFileType = folder.assetcatalog; path = Assets.xcassets; sourceTree = "<group>"; };
		3515E7A32396453F0044C660 /* Base */ = {isa = PBXFileReference; lastKnownFileType = file.storyboard; name = Base; path = Base.lproj/LaunchScreen.storyboard; sourceTree = "<group>"; };
		3515E7A52396453F0044C660 /* Info.plist */ = {isa = PBXFileReference; lastKnownFileType = text.plist.xml; path = Info.plist; sourceTree = "<group>"; };
		3515E7AC239665AC0044C660 /* CoreImage.framework */ = {isa = PBXFileReference; lastKnownFileType = wrapper.framework; name = CoreImage.framework; path = System/Library/Frameworks/CoreImage.framework; sourceTree = SDKROOT; };
		3515E7B023967F340044C660 /* CameraScanner+Types.swift */ = {isa = PBXFileReference; fileEncoding = 4; lastKnownFileType = sourcecode.swift; path = "CameraScanner+Types.swift"; sourceTree = "<group>"; };
		3515E7B123967F340044C660 /* CameraScanner.swift */ = {isa = PBXFileReference; fileEncoding = 4; lastKnownFileType = sourcecode.swift; path = CameraScanner.swift; sourceTree = "<group>"; };
		3515E7B223967F340044C660 /* CameraScanner+Camera.swift */ = {isa = PBXFileReference; fileEncoding = 4; lastKnownFileType = sourcecode.swift; path = "CameraScanner+Camera.swift"; sourceTree = "<group>"; };
		3515E7B323967F340044C660 /* CameraScannerDelegate.swift */ = {isa = PBXFileReference; fileEncoding = 4; lastKnownFileType = sourcecode.swift; path = CameraScannerDelegate.swift; sourceTree = "<group>"; };
		3515E7B423967F340044C660 /* VideoPermission.swift */ = {isa = PBXFileReference; fileEncoding = 4; lastKnownFileType = sourcecode.swift; path = VideoPermission.swift; sourceTree = "<group>"; };
		3515E7B523967F340044C660 /* DeviceEnvironment.swift */ = {isa = PBXFileReference; fileEncoding = 4; lastKnownFileType = sourcecode.swift; path = DeviceEnvironment.swift; sourceTree = "<group>"; };
		3515E7B623967F340044C660 /* Error.swift */ = {isa = PBXFileReference; fileEncoding = 4; lastKnownFileType = sourcecode.swift; path = Error.swift; sourceTree = "<group>"; };
		3515E7BE23967F5F0044C660 /* BarcodeViewController.swift */ = {isa = PBXFileReference; fileEncoding = 4; lastKnownFileType = sourcecode.swift; path = BarcodeViewController.swift; sourceTree = "<group>"; };
		3515E7C12396808F0044C660 /* ViewConstant.swift */ = {isa = PBXFileReference; lastKnownFileType = sourcecode.swift; path = ViewConstant.swift; sourceTree = "<group>"; };
		9BA13CAE13BEE4BEE6E7CB8B /* Pods-QRProcess.release.xcconfig */ = {isa = PBXFileReference; includeInIndex = 1; lastKnownFileType = text.xcconfig; name = "Pods-QRProcess.release.xcconfig"; path = "Target Support Files/Pods-QRProcess/Pods-QRProcess.release.xcconfig"; sourceTree = "<group>"; };
		F020FA48573628356D3AF703 /* Pods-QRProcess.debug.xcconfig */ = {isa = PBXFileReference; includeInIndex = 1; lastKnownFileType = text.xcconfig; name = "Pods-QRProcess.debug.xcconfig"; path = "Target Support Files/Pods-QRProcess/Pods-QRProcess.debug.xcconfig"; sourceTree = "<group>"; };
/* End PBXFileReference section */

/* Begin PBXFrameworksBuildPhase section */
		3515E7912396453D0044C660 /* Frameworks */ = {
			isa = PBXFrameworksBuildPhase;
			buildActionMask = 2147483647;
			files = (
				3515E7AD239665AC0044C660 /* CoreImage.framework in Frameworks */,
				6511A68082B31B9925CF250F /* Pods_QRProcess.framework in Frameworks */,
			);
			runOnlyForDeploymentPostprocessing = 0;
		};
/* End PBXFrameworksBuildPhase section */

/* Begin PBXGroup section */
		034F1931BE592A823F5FE3DA /* Pods */ = {
			isa = PBXGroup;
			children = (
				F020FA48573628356D3AF703 /* Pods-QRProcess.debug.xcconfig */,
				9BA13CAE13BEE4BEE6E7CB8B /* Pods-QRProcess.release.xcconfig */,
			);
			path = Pods;
			sourceTree = "<group>";
		};
		3515E78B2396453D0044C660 = {
			isa = PBXGroup;
			children = (
				3515E7962396453D0044C660 /* QRProcess */,
				3515E7952396453D0044C660 /* Products */,
				3515E7AB239665AC0044C660 /* Frameworks */,
				034F1931BE592A823F5FE3DA /* Pods */,
			);
			sourceTree = "<group>";
		};
		3515E7952396453D0044C660 /* Products */ = {
			isa = PBXGroup;
			children = (
				3515E7942396453D0044C660 /* QRProcess.app */,
			);
			name = Products;
			sourceTree = "<group>";
		};
		3515E7962396453D0044C660 /* QRProcess */ = {
			isa = PBXGroup;
			children = (
				3515E7C0239680740044C660 /* Helper */,
				3515E7AF23967F130044C660 /* Camera Scanner */,
				3515E7AE23967EFD0044C660 /* Controller */,
				3515E7972396453D0044C660 /* AppDelegate.swift */,
				3515E7992396453D0044C660 /* SceneDelegate.swift */,
				3515E79B2396453D0044C660 /* ViewController.swift */,
				3515E79D2396453D0044C660 /* Main.storyboard */,
				3515E7A02396453F0044C660 /* Assets.xcassets */,
				3515E7A22396453F0044C660 /* LaunchScreen.storyboard */,
				3515E7A52396453F0044C660 /* Info.plist */,
			);
			path = QRProcess;
			sourceTree = "<group>";
		};
		3515E7AB239665AC0044C660 /* Frameworks */ = {
			isa = PBXGroup;
			children = (
				3515E7AC239665AC0044C660 /* CoreImage.framework */,
				2A6CBDD385649701AE3802F6 /* Pods_QRProcess.framework */,
			);
			name = Frameworks;
			sourceTree = "<group>";
		};
		3515E7AE23967EFD0044C660 /* Controller */ = {
			isa = PBXGroup;
			children = (
				3515E7BE23967F5F0044C660 /* BarcodeViewController.swift */,
			);
			path = Controller;
			sourceTree = "<group>";
		};
		3515E7AF23967F130044C660 /* Camera Scanner */ = {
			isa = PBXGroup;
			children = (
				3515E7B123967F340044C660 /* CameraScanner.swift */,
				3515E7B223967F340044C660 /* CameraScanner+Camera.swift */,
				3515E7B023967F340044C660 /* CameraScanner+Types.swift */,
				3515E7B323967F340044C660 /* CameraScannerDelegate.swift */,
				3515E7B523967F340044C660 /* DeviceEnvironment.swift */,
				3515E7B623967F340044C660 /* Error.swift */,
				3515E7B423967F340044C660 /* VideoPermission.swift */,
			);
			path = "Camera Scanner";
			sourceTree = "<group>";
		};
		3515E7C0239680740044C660 /* Helper */ = {
			isa = PBXGroup;
			children = (
				3515E7C12396808F0044C660 /* ViewConstant.swift */,
			);
			path = Helper;
			sourceTree = "<group>";
		};
/* End PBXGroup section */

/* Begin PBXNativeTarget section */
		3515E7932396453D0044C660 /* QRProcess */ = {
			isa = PBXNativeTarget;
			buildConfigurationList = 3515E7A82396453F0044C660 /* Build configuration list for PBXNativeTarget "QRProcess" */;
			buildPhases = (
				7C5474C8095114BA9BAB5727 /* [CP] Check Pods Manifest.lock */,
				3515E7902396453D0044C660 /* Sources */,
				3515E7912396453D0044C660 /* Frameworks */,
				3515E7922396453D0044C660 /* Resources */,
				A0A49164EC6D11CD9B9042DA /* [CP] Copy Pods Resources */,
				3543381323EBECFC0033840B /* ShellScript */,
			);
			buildRules = (
			);
			dependencies = (
			);
			name = QRProcess;
			productName = QRProcess;
			productReference = 3515E7942396453D0044C660 /* QRProcess.app */;
			productType = "com.apple.product-type.application";
		};
/* End PBXNativeTarget section */

/* Begin PBXProject section */
		3515E78C2396453D0044C660 /* Project object */ = {
			isa = PBXProject;
			attributes = {
				LastSwiftUpdateCheck = 1120;
				LastUpgradeCheck = 1120;
				ORGANIZATIONNAME = "Kaliyarajalu G";
				TargetAttributes = {
					3515E7932396453D0044C660 = {
						CreatedOnToolsVersion = 11.2.1;
					};
				};
			};
			buildConfigurationList = 3515E78F2396453D0044C660 /* Build configuration list for PBXProject "QRProcess" */;
			compatibilityVersion = "Xcode 9.3";
			developmentRegion = en;
			hasScannedForEncodings = 0;
			knownRegions = (
				en,
				Base,
			);
			mainGroup = 3515E78B2396453D0044C660;
			productRefGroup = 3515E7952396453D0044C660 /* Products */;
			projectDirPath = "";
			projectRoot = "";
			targets = (
				3515E7932396453D0044C660 /* QRProcess */,
			);
		};
/* End PBXProject section */

/* Begin PBXResourcesBuildPhase section */
		3515E7922396453D0044C660 /* Resources */ = {
			isa = PBXResourcesBuildPhase;
			buildActionMask = 2147483647;
			files = (
				3515E7A42396453F0044C660 /* LaunchScreen.storyboard in Resources */,
				3515E7A12396453F0044C660 /* Assets.xcassets in Resources */,
				3515E79F2396453D0044C660 /* Main.storyboard in Resources */,
			);
			runOnlyForDeploymentPostprocessing = 0;
		};
/* End PBXResourcesBuildPhase section */

/* Begin PBXShellScriptBuildPhase section */
		3543381323EBECFC0033840B /* ShellScript */ = {
			isa = PBXShellScriptBuildPhase;
			buildActionMask = 2147483647;
			files = (
			);
			inputFileListPaths = (
			);
			inputPaths = (
			);
			outputFileListPaths = (
			);
			outputPaths = (
			);
			runOnlyForDeploymentPostprocessing = 0;
			shellPath = /bin/sh;
			shellScript = "# Type a script or drag a script file from your workspace to insert its path.\nbuildNumber=$(/usr/libexec/PlistBuddy -c \"Print CFBundleVersion\" \"$PRODUCT_SETTINGS_PATH\")\n/usr/libexec/PlistBuddy -c \"Set :CFBundleVersion $buildNumber\" \"$PRODUCT_SETTINGS_PATH\"\n";
		};
		7C5474C8095114BA9BAB5727 /* [CP] Check Pods Manifest.lock */ = {
			isa = PBXShellScriptBuildPhase;
			buildActionMask = 2147483647;
			files = (
			);
			inputFileListPaths = (
			);
			inputPaths = (
				"${PODS_PODFILE_DIR_PATH}/Podfile.lock",
				"${PODS_ROOT}/Manifest.lock",
			);
			name = "[CP] Check Pods Manifest.lock";
			outputFileListPaths = (
			);
			outputPaths = (
				"$(DERIVED_FILE_DIR)/Pods-QRProcess-checkManifestLockResult.txt",
			);
			runOnlyForDeploymentPostprocessing = 0;
			shellPath = /bin/sh;
			shellScript = "diff \"${PODS_PODFILE_DIR_PATH}/Podfile.lock\" \"${PODS_ROOT}/Manifest.lock\" > /dev/null\nif [ $? != 0 ] ; then\n    # print error to STDERR\n    echo \"error: The sandbox is not in sync with the Podfile.lock. Run 'pod install' or update your CocoaPods installation.\" >&2\n    exit 1\nfi\n# This output is used by Xcode 'outputs' to avoid re-running this script phase.\necho \"SUCCESS\" > \"${SCRIPT_OUTPUT_FILE_0}\"\n";
			showEnvVarsInLog = 0;
		};
		A0A49164EC6D11CD9B9042DA /* [CP] Copy Pods Resources */ = {
			isa = PBXShellScriptBuildPhase;
			buildActionMask = 2147483647;
			files = (
			);
			inputFileListPaths = (
				"${PODS_ROOT}/Target Support Files/Pods-QRProcess/Pods-QRProcess-resources-${CONFIGURATION}-input-files.xcfilelist",
			);
			name = "[CP] Copy Pods Resources";
			outputFileListPaths = (
				"${PODS_ROOT}/Target Support Files/Pods-QRProcess/Pods-QRProcess-resources-${CONFIGURATION}-output-files.xcfilelist",
			);
			runOnlyForDeploymentPostprocessing = 0;
			shellPath = /bin/sh;
			shellScript = "\"${PODS_ROOT}/Target Support Files/Pods-QRProcess/Pods-QRProcess-resources.sh\"\n";
			showEnvVarsInLog = 0;
		};
/* End PBXShellScriptBuildPhase section */

/* Begin PBXSourcesBuildPhase section */
		3515E7902396453D0044C660 /* Sources */ = {
			isa = PBXSourcesBuildPhase;
			buildActionMask = 2147483647;
			files = (
				3515E7BB23967F350044C660 /* VideoPermission.swift in Sources */,
				3515E7B923967F350044C660 /* CameraScanner+Camera.swift in Sources */,
				3515E79C2396453D0044C660 /* ViewController.swift in Sources */,
				3515E7982396453D0044C660 /* AppDelegate.swift in Sources */,
				3515E7BC23967F350044C660 /* DeviceEnvironment.swift in Sources */,
				3515E79A2396453D0044C660 /* SceneDelegate.swift in Sources */,
				3515E7C22396808F0044C660 /* ViewConstant.swift in Sources */,
				3515E7BA23967F350044C660 /* CameraScannerDelegate.swift in Sources */,
				3515E7B823967F350044C660 /* CameraScanner.swift in Sources */,
				3515E7BD23967F350044C660 /* Error.swift in Sources */,
				3515E7BF23967F5F0044C660 /* BarcodeViewController.swift in Sources */,
				3515E7B723967F340044C660 /* CameraScanner+Types.swift in Sources */,
			);
			runOnlyForDeploymentPostprocessing = 0;
		};
/* End PBXSourcesBuildPhase section */

/* Begin PBXVariantGroup section */
		3515E79D2396453D0044C660 /* Main.storyboard */ = {
			isa = PBXVariantGroup;
			children = (
				3515E79E2396453D0044C660 /* Base */,
			);
			name = Main.storyboard;
			sourceTree = "<group>";
		};
		3515E7A22396453F0044C660 /* LaunchScreen.storyboard */ = {
			isa = PBXVariantGroup;
			children = (
				3515E7A32396453F0044C660 /* Base */,
			);
			name = LaunchScreen.storyboard;
			sourceTree = "<group>";
		};
/* End PBXVariantGroup section */

/* Begin XCBuildConfiguration section */
		3515E7A62396453F0044C660 /* Debug */ = {
			isa = XCBuildConfiguration;
			buildSettings = {
				ALWAYS_SEARCH_USER_PATHS = NO;
				CLANG_ANALYZER_NONNULL = YES;
				CLANG_ANALYZER_NUMBER_OBJECT_CONVERSION = YES_AGGRESSIVE;
				CLANG_CXX_LANGUAGE_STANDARD = "gnu++14";
				CLANG_CXX_LIBRARY = "libc++";
				CLANG_ENABLE_MODULES = YES;
				CLANG_ENABLE_OBJC_ARC = YES;
				CLANG_ENABLE_OBJC_WEAK = YES;
				CLANG_WARN_BLOCK_CAPTURE_AUTORELEASING = YES;
				CLANG_WARN_BOOL_CONVERSION = YES;
				CLANG_WARN_COMMA = YES;
				CLANG_WARN_CONSTANT_CONVERSION = YES;
				CLANG_WARN_DEPRECATED_OBJC_IMPLEMENTATIONS = YES;
				CLANG_WARN_DIRECT_OBJC_ISA_USAGE = YES_ERROR;
				CLANG_WARN_DOCUMENTATION_COMMENTS = YES;
				CLANG_WARN_EMPTY_BODY = YES;
				CLANG_WARN_ENUM_CONVERSION = YES;
				CLANG_WARN_INFINITE_RECURSION = YES;
				CLANG_WARN_INT_CONVERSION = YES;
				CLANG_WARN_NON_LITERAL_NULL_CONVERSION = YES;
				CLANG_WARN_OBJC_IMPLICIT_RETAIN_SELF = YES;
				CLANG_WARN_OBJC_LITERAL_CONVERSION = YES;
				CLANG_WARN_OBJC_ROOT_CLASS = YES_ERROR;
				CLANG_WARN_RANGE_LOOP_ANALYSIS = YES;
				CLANG_WARN_STRICT_PROTOTYPES = YES;
				CLANG_WARN_SUSPICIOUS_MOVE = YES;
				CLANG_WARN_UNGUARDED_AVAILABILITY = YES_AGGRESSIVE;
				CLANG_WARN_UNREACHABLE_CODE = YES;
				CLANG_WARN__DUPLICATE_METHOD_MATCH = YES;
				COPY_PHASE_STRIP = NO;
				DEBUG_INFORMATION_FORMAT = dwarf;
				ENABLE_STRICT_OBJC_MSGSEND = YES;
				ENABLE_TESTABILITY = YES;
				GCC_C_LANGUAGE_STANDARD = gnu11;
				GCC_DYNAMIC_NO_PIC = NO;
				GCC_NO_COMMON_BLOCKS = YES;
				GCC_OPTIMIZATION_LEVEL = 0;
				GCC_PREPROCESSOR_DEFINITIONS = (
					"DEBUG=1",
					"$(inherited)",
				);
				GCC_WARN_64_TO_32_BIT_CONVERSION = YES;
				GCC_WARN_ABOUT_RETURN_TYPE = YES_ERROR;
				GCC_WARN_UNDECLARED_SELECTOR = YES;
				GCC_WARN_UNINITIALIZED_AUTOS = YES_AGGRESSIVE;
				GCC_WARN_UNUSED_FUNCTION = YES;
				GCC_WARN_UNUSED_VARIABLE = YES;
				IPHONEOS_DEPLOYMENT_TARGET = 11.0;
				MTL_ENABLE_DEBUG_INFO = INCLUDE_SOURCE;
				MTL_FAST_MATH = YES;
				ONLY_ACTIVE_ARCH = YES;
				SDKROOT = iphoneos;
				SWIFT_ACTIVE_COMPILATION_CONDITIONS = DEBUG;
				SWIFT_OPTIMIZATION_LEVEL = "-Onone";
			};
			name = Debug;
		};
		3515E7A72396453F0044C660 /* Release */ = {
			isa = XCBuildConfiguration;
			buildSettings = {
				ALWAYS_SEARCH_USER_PATHS = NO;
				CLANG_ANALYZER_NONNULL = YES;
				CLANG_ANALYZER_NUMBER_OBJECT_CONVERSION = YES_AGGRESSIVE;
				CLANG_CXX_LANGUAGE_STANDARD = "gnu++14";
				CLANG_CXX_LIBRARY = "libc++";
				CLANG_ENABLE_MODULES = YES;
				CLANG_ENABLE_OBJC_ARC = YES;
				CLANG_ENABLE_OBJC_WEAK = YES;
				CLANG_WARN_BLOCK_CAPTURE_AUTORELEASING = YES;
				CLANG_WARN_BOOL_CONVERSION = YES;
				CLANG_WARN_COMMA = YES;
				CLANG_WARN_CONSTANT_CONVERSION = YES;
				CLANG_WARN_DEPRECATED_OBJC_IMPLEMENTATIONS = YES;
				CLANG_WARN_DIRECT_OBJC_ISA_USAGE = YES_ERROR;
				CLANG_WARN_DOCUMENTATION_COMMENTS = YES;
				CLANG_WARN_EMPTY_BODY = YES;
				CLANG_WARN_ENUM_CONVERSION = YES;
				CLANG_WARN_INFINITE_RECURSION = YES;
				CLANG_WARN_INT_CONVERSION = YES;
				CLANG_WARN_NON_LITERAL_NULL_CONVERSION = YES;
				CLANG_WARN_OBJC_IMPLICIT_RETAIN_SELF = YES;
				CLANG_WARN_OBJC_LITERAL_CONVERSION = YES;
				CLANG_WARN_OBJC_ROOT_CLASS = YES_ERROR;
				CLANG_WARN_RANGE_LOOP_ANALYSIS = YES;
				CLANG_WARN_STRICT_PROTOTYPES = YES;
				CLANG_WARN_SUSPICIOUS_MOVE = YES;
				CLANG_WARN_UNGUARDED_AVAILABILITY = YES_AGGRESSIVE;
				CLANG_WARN_UNREACHABLE_CODE = YES;
				CLANG_WARN__DUPLICATE_METHOD_MATCH = YES;
				COPY_PHASE_STRIP = NO;
				DEBUG_INFORMATION_FORMAT = "dwarf-with-dsym";
				ENABLE_NS_ASSERTIONS = NO;
				ENABLE_STRICT_OBJC_MSGSEND = YES;
				GCC_C_LANGUAGE_STANDARD = gnu11;
				GCC_NO_COMMON_BLOCKS = YES;
				GCC_WARN_64_TO_32_BIT_CONVERSION = YES;
				GCC_WARN_ABOUT_RETURN_TYPE = YES_ERROR;
				GCC_WARN_UNDECLARED_SELECTOR = YES;
				GCC_WARN_UNINITIALIZED_AUTOS = YES_AGGRESSIVE;
				GCC_WARN_UNUSED_FUNCTION = YES;
				GCC_WARN_UNUSED_VARIABLE = YES;
				IPHONEOS_DEPLOYMENT_TARGET = 11.0;
				MTL_ENABLE_DEBUG_INFO = NO;
				MTL_FAST_MATH = YES;
				SDKROOT = iphoneos;
				SWIFT_COMPILATION_MODE = wholemodule;
				SWIFT_OPTIMIZATION_LEVEL = "-O";
				VALIDATE_PRODUCT = YES;
			};
			name = Release;
		};
		3515E7A92396453F0044C660 /* Debug */ = {
			isa = XCBuildConfiguration;
			baseConfigurationReference = F020FA48573628356D3AF703 /* Pods-QRProcess.debug.xcconfig */;
			buildSettings = {
				ASSETCATALOG_COMPILER_APPICON_NAME = AppIcon;
				CODE_SIGN_IDENTITY = "iPhone Distribution";
				CODE_SIGN_STYLE = Manual;
				CURRENT_PROJECT_VERSION = 1.0.0.2;
				DEVELOPMENT_TEAM = QHRW9S4JRT;
				INFOPLIST_FILE = QRProcess/Info.plist;
				IPHONEOS_DEPLOYMENT_TARGET = 11.0;
				LD_RUNPATH_SEARCH_PATHS = (
					"$(inherited)",
					"@executable_path/Frameworks",
				);
				MARKETING_VERSION = 1.1;
				PRODUCT_BUNDLE_IDENTIFIER = com.boeingdistribution.vmi;
				PRODUCT_NAME = "$(TARGET_NAME)";
				PROVISIONING_PROFILE_SPECIFIER = "AD-HOC-Distribution";
				SWIFT_VERSION = 5.0;
				TARGETED_DEVICE_FAMILY = "1,2";
			};
			name = Debug;
		};
		3515E7AA2396453F0044C660 /* Release */ = {
			isa = XCBuildConfiguration;
			baseConfigurationReference = 9BA13CAE13BEE4BEE6E7CB8B /* Pods-QRProcess.release.xcconfig */;
			buildSettings = {
				ASSETCATALOG_COMPILER_APPICON_NAME = AppIcon;
				CODE_SIGN_IDENTITY = "iPhone Distribution";
				CODE_SIGN_STYLE = Manual;
				CURRENT_PROJECT_VERSION = 1.0.0.2;
				DEVELOPMENT_TEAM = QHRW9S4JRT;
				INFOPLIST_FILE = QRProcess/Info.plist;
				IPHONEOS_DEPLOYMENT_TARGET = 11.0;
				LD_RUNPATH_SEARCH_PATHS = (
					"$(inherited)",
					"@executable_path/Frameworks",
				);
				MARKETING_VERSION = 1.1;
				PRODUCT_BUNDLE_IDENTIFIER = com.boeingdistribution.vmi;
				PRODUCT_NAME = "$(TARGET_NAME)";
				PROVISIONING_PROFILE_SPECIFIER = "AD-HOC-Distribution";
				SWIFT_VERSION = 5.0;
				TARGETED_DEVICE_FAMILY = "1,2";
			};
			name = Release;
		};
/* End XCBuildConfiguration section */

/* Begin XCConfigurationList section */
		3515E78F2396453D0044C660 /* Build configuration list for PBXProject "QRProcess" */ = {
			isa = XCConfigurationList;
			buildConfigurations = (
				3515E7A62396453F0044C660 /* Debug */,
				3515E7A72396453F0044C660 /* Release */,
			);
			defaultConfigurationIsVisible = 0;
			defaultConfigurationName = Release;
		};
		3515E7A82396453F0044C660 /* Build configuration list for PBXNativeTarget "QRProcess" */ = {
			isa = XCConfigurationList;
			buildConfigurations = (
				3515E7A92396453F0044C660 /* Debug */,
				3515E7AA2396453F0044C660 /* Release */,
			);
			defaultConfigurationIsVisible = 0;
			defaultConfigurationName = Release;
		};
/* End XCConfigurationList section */
	};
	rootObject = 3515E78C2396453D0044C660 /* Project object */;
}
